// !$*UTF8*$!
{
	archiveVersion = 1;
	classes = {
	};
	objectVersion = 46;
	objects = {

/* Begin PBXBuildFile section */
		7BF335B4B523F14230B829C3 /* Pods_FlixUITests.framework in Frameworks */ = {isa = PBXBuildFile; fileRef = A7286998EE49EEE7D1050113 /* Pods_FlixUITests.framework */; };
		DB163085C28233F30E52BD1D /* Pods_FlixTests.framework in Frameworks */ = {isa = PBXBuildFile; fileRef = 08B2358FC7704995C66181B8 /* Pods_FlixTests.framework */; };
		E10805FC1EFB14E8007D3474 /* MoviesViewController.swift in Sources */ = {isa = PBXBuildFile; fileRef = E10805FB1EFB14E8007D3474 /* MoviesViewController.swift */; };
		E10805FE1EFB25E7007D3474 /* MovieCell.swift in Sources */ = {isa = PBXBuildFile; fileRef = E10805FD1EFB25E7007D3474 /* MovieCell.swift */; };
		E15160FE1EFC648F00382D55 /* DetailViewController.swift in Sources */ = {isa = PBXBuildFile; fileRef = E15160FD1EFC648F00382D55 /* DetailViewController.swift */; };
		E15161001EFC8C1200382D55 /* CollectionViewController.swift in Sources */ = {isa = PBXBuildFile; fileRef = E15160FF1EFC8C1200382D55 /* CollectionViewController.swift */; };
		E15161021EFC8D7000382D55 /* SuperheroCell.swift in Sources */ = {isa = PBXBuildFile; fileRef = E15161011EFC8D7000382D55 /* SuperheroCell.swift */; };
		E1BA22F01EFB106400A9FC09 /* AppDelegate.swift in Sources */ = {isa = PBXBuildFile; fileRef = E1BA22EF1EFB106400A9FC09 /* AppDelegate.swift */; };
		E1BA22F51EFB106400A9FC09 /* Main.storyboard in Resources */ = {isa = PBXBuildFile; fileRef = E1BA22F31EFB106400A9FC09 /* Main.storyboard */; };
		E1BA22F71EFB106400A9FC09 /* Assets.xcassets in Resources */ = {isa = PBXBuildFile; fileRef = E1BA22F61EFB106400A9FC09 /* Assets.xcassets */; };
		E1BA22FA1EFB106400A9FC09 /* LaunchScreen.storyboard in Resources */ = {isa = PBXBuildFile; fileRef = E1BA22F81EFB106400A9FC09 /* LaunchScreen.storyboard */; };
		E1BA23051EFB106400A9FC09 /* FlixTests.swift in Sources */ = {isa = PBXBuildFile; fileRef = E1BA23041EFB106400A9FC09 /* FlixTests.swift */; };
		E1BA23101EFB106400A9FC09 /* FlixUITests.swift in Sources */ = {isa = PBXBuildFile; fileRef = E1BA230F1EFB106400A9FC09 /* FlixUITests.swift */; };
		E1D2C46B1F0ABDFD000F3EDA /* Movie.swift in Sources */ = {isa = PBXBuildFile; fileRef = E1D2C46A1F0ABDFD000F3EDA /* Movie.swift */; };
		E1D2C46D1F0AC530000F3EDA /* MovieApiManager.swift in Sources */ = {isa = PBXBuildFile; fileRef = E1D2C46C1F0AC530000F3EDA /* MovieApiManager.swift */; };
		E8ED59318A51F5DF101E046E /* Pods_Flix.framework in Frameworks */ = {isa = PBXBuildFile; fileRef = 9004329667F8244D28702E92 /* Pods_Flix.framework */; };
/* End PBXBuildFile section */

/* Begin PBXContainerItemProxy section */
		E1BA23011EFB106400A9FC09 /* PBXContainerItemProxy */ = {
			isa = PBXContainerItemProxy;
			containerPortal = E1BA22E41EFB106400A9FC09 /* Project object */;
			proxyType = 1;
			remoteGlobalIDString = E1BA22EB1EFB106400A9FC09;
			remoteInfo = Flix;
		};
		E1BA230C1EFB106400A9FC09 /* PBXContainerItemProxy */ = {
			isa = PBXContainerItemProxy;
			containerPortal = E1BA22E41EFB106400A9FC09 /* Project object */;
			proxyType = 1;
			remoteGlobalIDString = E1BA22EB1EFB106400A9FC09;
			remoteInfo = Flix;
		};
/* End PBXContainerItemProxy section */

/* Begin PBXFileReference section */
		08B2358FC7704995C66181B8 /* Pods_FlixTests.framework */ = {isa = PBXFileReference; explicitFileType = wrapper.framework; includeInIndex = 0; path = Pods_FlixTests.framework; sourceTree = BUILT_PRODUCTS_DIR; };
		18E6A336D21AD0C04511D6FA /* Pods-Flix.release.xcconfig */ = {isa = PBXFileReference; includeInIndex = 1; lastKnownFileType = text.xcconfig; name = "Pods-Flix.release.xcconfig"; path = "Pods/Target Support Files/Pods-Flix/Pods-Flix.release.xcconfig"; sourceTree = "<group>"; };
		4E26694ABC9BA7332445E449 /* Pods-FlixTests.debug.xcconfig */ = {isa = PBXFileReference; includeInIndex = 1; lastKnownFileType = text.xcconfig; name = "Pods-FlixTests.debug.xcconfig"; path = "Pods/Target Support Files/Pods-FlixTests/Pods-FlixTests.debug.xcconfig"; sourceTree = "<group>"; };
		670624C924339236F8519BCE /* Pods-FlixUITests.release.xcconfig */ = {isa = PBXFileReference; includeInIndex = 1; lastKnownFileType = text.xcconfig; name = "Pods-FlixUITests.release.xcconfig"; path = "Pods/Target Support Files/Pods-FlixUITests/Pods-FlixUITests.release.xcconfig"; sourceTree = "<group>"; };
		9004329667F8244D28702E92 /* Pods_Flix.framework */ = {isa = PBXFileReference; explicitFileType = wrapper.framework; includeInIndex = 0; path = Pods_Flix.framework; sourceTree = BUILT_PRODUCTS_DIR; };
		A7286998EE49EEE7D1050113 /* Pods_FlixUITests.framework */ = {isa = PBXFileReference; explicitFileType = wrapper.framework; includeInIndex = 0; path = Pods_FlixUITests.framework; sourceTree = BUILT_PRODUCTS_DIR; };
		BB746BA12084D9A07B978188 /* Pods-FlixUITests.debug.xcconfig */ = {isa = PBXFileReference; includeInIndex = 1; lastKnownFileType = text.xcconfig; name = "Pods-FlixUITests.debug.xcconfig"; path = "Pods/Target Support Files/Pods-FlixUITests/Pods-FlixUITests.debug.xcconfig"; sourceTree = "<group>"; };
		D6C9F98285C0C431F8258FEC /* Pods-FlixTests.release.xcconfig */ = {isa = PBXFileReference; includeInIndex = 1; lastKnownFileType = text.xcconfig; name = "Pods-FlixTests.release.xcconfig"; path = "Pods/Target Support Files/Pods-FlixTests/Pods-FlixTests.release.xcconfig"; sourceTree = "<group>"; };
		E10805FB1EFB14E8007D3474 /* MoviesViewController.swift */ = {isa = PBXFileReference; fileEncoding = 4; lastKnownFileType = sourcecode.swift; path = MoviesViewController.swift; sourceTree = "<group>"; };
		E10805FD1EFB25E7007D3474 /* MovieCell.swift */ = {isa = PBXFileReference; fileEncoding = 4; lastKnownFileType = sourcecode.swift; path = MovieCell.swift; sourceTree = "<group>"; };
		E15160FD1EFC648F00382D55 /* DetailViewController.swift */ = {isa = PBXFileReference; fileEncoding = 4; lastKnownFileType = sourcecode.swift; path = DetailViewController.swift; sourceTree = "<group>"; };
		E15160FF1EFC8C1200382D55 /* CollectionViewController.swift */ = {isa = PBXFileReference; fileEncoding = 4; lastKnownFileType = sourcecode.swift; path = CollectionViewController.swift; sourceTree = "<group>"; };
		E15161011EFC8D7000382D55 /* SuperheroCell.swift */ = {isa = PBXFileReference; fileEncoding = 4; lastKnownFileType = sourcecode.swift; path = SuperheroCell.swift; sourceTree = "<group>"; };
		E1BA22EC1EFB106400A9FC09 /* Flix.app */ = {isa = PBXFileReference; explicitFileType = wrapper.application; includeInIndex = 0; path = Flix.app; sourceTree = BUILT_PRODUCTS_DIR; };
		E1BA22EF1EFB106400A9FC09 /* AppDelegate.swift */ = {isa = PBXFileReference; lastKnownFileType = sourcecode.swift; path = AppDelegate.swift; sourceTree = "<group>"; };
		E1BA22F41EFB106400A9FC09 /* Base */ = {isa = PBXFileReference; lastKnownFileType = file.storyboard; name = Base; path = Base.lproj/Main.storyboard; sourceTree = "<group>"; };
		E1BA22F61EFB106400A9FC09 /* Assets.xcassets */ = {isa = PBXFileReference; lastKnownFileType = folder.assetcatalog; path = Assets.xcassets; sourceTree = "<group>"; };
		E1BA22F91EFB106400A9FC09 /* Base */ = {isa = PBXFileReference; lastKnownFileType = file.storyboard; name = Base; path = Base.lproj/LaunchScreen.storyboard; sourceTree = "<group>"; };
		E1BA22FB1EFB106400A9FC09 /* Info.plist */ = {isa = PBXFileReference; lastKnownFileType = text.plist.xml; path = Info.plist; sourceTree = "<group>"; };
		E1BA23001EFB106400A9FC09 /* FlixTests.xctest */ = {isa = PBXFileReference; explicitFileType = wrapper.cfbundle; includeInIndex = 0; path = FlixTests.xctest; sourceTree = BUILT_PRODUCTS_DIR; };
		E1BA23041EFB106400A9FC09 /* FlixTests.swift */ = {isa = PBXFileReference; lastKnownFileType = sourcecode.swift; path = FlixTests.swift; sourceTree = "<group>"; };
		E1BA23061EFB106400A9FC09 /* Info.plist */ = {isa = PBXFileReference; lastKnownFileType = text.plist.xml; path = Info.plist; sourceTree = "<group>"; };
		E1BA230B1EFB106400A9FC09 /* FlixUITests.xctest */ = {isa = PBXFileReference; explicitFileType = wrapper.cfbundle; includeInIndex = 0; path = FlixUITests.xctest; sourceTree = BUILT_PRODUCTS_DIR; };
		E1BA230F1EFB106400A9FC09 /* FlixUITests.swift */ = {isa = PBXFileReference; lastKnownFileType = sourcecode.swift; path = FlixUITests.swift; sourceTree = "<group>"; };
		E1BA23111EFB106400A9FC09 /* Info.plist */ = {isa = PBXFileReference; lastKnownFileType = text.plist.xml; path = Info.plist; sourceTree = "<group>"; };
		E1D2C46A1F0ABDFD000F3EDA /* Movie.swift */ = {isa = PBXFileReference; fileEncoding = 4; lastKnownFileType = sourcecode.swift; path = Movie.swift; sourceTree = "<group>"; };
		E1D2C46C1F0AC530000F3EDA /* MovieApiManager.swift */ = {isa = PBXFileReference; fileEncoding = 4; lastKnownFileType = sourcecode.swift; path = MovieApiManager.swift; sourceTree = "<group>"; };
		ED2312455707F60194EBB1F9 /* Pods-Flix.debug.xcconfig */ = {isa = PBXFileReference; includeInIndex = 1; lastKnownFileType = text.xcconfig; name = "Pods-Flix.debug.xcconfig"; path = "Pods/Target Support Files/Pods-Flix/Pods-Flix.debug.xcconfig"; sourceTree = "<group>"; };
/* End PBXFileReference section */

/* Begin PBXFrameworksBuildPhase section */
		E1BA22E91EFB106400A9FC09 /* Frameworks */ = {
			isa = PBXFrameworksBuildPhase;
			buildActionMask = 2147483647;
			files = (
				E8ED59318A51F5DF101E046E /* Pods_Flix.framework in Frameworks */,
			);
			runOnlyForDeploymentPostprocessing = 0;
		};
		E1BA22FD1EFB106400A9FC09 /* Frameworks */ = {
			isa = PBXFrameworksBuildPhase;
			buildActionMask = 2147483647;
			files = (
				DB163085C28233F30E52BD1D /* Pods_FlixTests.framework in Frameworks */,
			);
			runOnlyForDeploymentPostprocessing = 0;
		};
		E1BA23081EFB106400A9FC09 /* Frameworks */ = {
			isa = PBXFrameworksBuildPhase;
			buildActionMask = 2147483647;
			files = (
				7BF335B4B523F14230B829C3 /* Pods_FlixUITests.framework in Frameworks */,
			);
			runOnlyForDeploymentPostprocessing = 0;
		};
/* End PBXFrameworksBuildPhase section */

/* Begin PBXGroup section */
		DE5B93444EB0082292C4CE22 /* Pods */ = {
			isa = PBXGroup;
			children = (
				ED2312455707F60194EBB1F9 /* Pods-Flix.debug.xcconfig */,
				18E6A336D21AD0C04511D6FA /* Pods-Flix.release.xcconfig */,
				4E26694ABC9BA7332445E449 /* Pods-FlixTests.debug.xcconfig */,
				D6C9F98285C0C431F8258FEC /* Pods-FlixTests.release.xcconfig */,
				BB746BA12084D9A07B978188 /* Pods-FlixUITests.debug.xcconfig */,
				670624C924339236F8519BCE /* Pods-FlixUITests.release.xcconfig */,
			);
			name = Pods;
			sourceTree = "<group>";
		};
		E1BA22E31EFB106400A9FC09 = {
			isa = PBXGroup;
			children = (
				E1BA22EE1EFB106400A9FC09 /* Flix */,
				E1BA23031EFB106400A9FC09 /* FlixTests */,
				E1BA230E1EFB106400A9FC09 /* FlixUITests */,
				E1BA22ED1EFB106400A9FC09 /* Products */,
				DE5B93444EB0082292C4CE22 /* Pods */,
				E894CA09260A9792F24AB322 /* Frameworks */,
			);
			sourceTree = "<group>";
		};
		E1BA22ED1EFB106400A9FC09 /* Products */ = {
			isa = PBXGroup;
			children = (
				E1BA22EC1EFB106400A9FC09 /* Flix.app */,
				E1BA23001EFB106400A9FC09 /* FlixTests.xctest */,
				E1BA230B1EFB106400A9FC09 /* FlixUITests.xctest */,
			);
			name = Products;
			sourceTree = "<group>";
		};
		E1BA22EE1EFB106400A9FC09 /* Flix */ = {
			isa = PBXGroup;
			children = (
				E1BA22EF1EFB106400A9FC09 /* AppDelegate.swift */,
				E1BA22F31EFB106400A9FC09 /* Main.storyboard */,
				E1BA22F61EFB106400A9FC09 /* Assets.xcassets */,
				E1BA22F81EFB106400A9FC09 /* LaunchScreen.storyboard */,
				E1BA22FB1EFB106400A9FC09 /* Info.plist */,
				E10805FB1EFB14E8007D3474 /* MoviesViewController.swift */,
				E10805FD1EFB25E7007D3474 /* MovieCell.swift */,
				E15160FD1EFC648F00382D55 /* DetailViewController.swift */,
				E15160FF1EFC8C1200382D55 /* CollectionViewController.swift */,
				E15161011EFC8D7000382D55 /* SuperheroCell.swift */,
				E1D2C46A1F0ABDFD000F3EDA /* Movie.swift */,
				E1D2C46C1F0AC530000F3EDA /* MovieApiManager.swift */,
			);
			path = Flix;
			sourceTree = "<group>";
		};
		E1BA23031EFB106400A9FC09 /* FlixTests */ = {
			isa = PBXGroup;
			children = (
				E1BA23041EFB106400A9FC09 /* FlixTests.swift */,
				E1BA23061EFB106400A9FC09 /* Info.plist */,
			);
			path = FlixTests;
			sourceTree = "<group>";
		};
		E1BA230E1EFB106400A9FC09 /* FlixUITests */ = {
			isa = PBXGroup;
			children = (
				E1BA230F1EFB106400A9FC09 /* FlixUITests.swift */,
				E1BA23111EFB106400A9FC09 /* Info.plist */,
			);
			path = FlixUITests;
			sourceTree = "<group>";
		};
		E894CA09260A9792F24AB322 /* Frameworks */ = {
			isa = PBXGroup;
			children = (
				9004329667F8244D28702E92 /* Pods_Flix.framework */,
				08B2358FC7704995C66181B8 /* Pods_FlixTests.framework */,
				A7286998EE49EEE7D1050113 /* Pods_FlixUITests.framework */,
			);
			name = Frameworks;
			sourceTree = "<group>";
		};
/* End PBXGroup section */

/* Begin PBXNativeTarget section */
		E1BA22EB1EFB106400A9FC09 /* Flix */ = {
			isa = PBXNativeTarget;
			buildConfigurationList = E1BA23141EFB106400A9FC09 /* Build configuration list for PBXNativeTarget "Flix" */;
			buildPhases = (
				D19BCE1640181577DB8D6420 /* [CP] Check Pods Manifest.lock */,
				E1BA22E81EFB106400A9FC09 /* Sources */,
				E1BA22E91EFB106400A9FC09 /* Frameworks */,
				E1BA22EA1EFB106400A9FC09 /* Resources */,
				5AC2DF56D6CFC52F282ADFD4 /* [CP] Embed Pods Frameworks */,
				CCFD30362C9EFC3BFC741D39 /* [CP] Copy Pods Resources */,
			);
			buildRules = (
			);
			dependencies = (
			);
			name = Flix;
			productName = Flix;
			productReference = E1BA22EC1EFB106400A9FC09 /* Flix.app */;
			productType = "com.apple.product-type.application";
		};
		E1BA22FF1EFB106400A9FC09 /* FlixTests */ = {
			isa = PBXNativeTarget;
			buildConfigurationList = E1BA23171EFB106400A9FC09 /* Build configuration list for PBXNativeTarget "FlixTests" */;
			buildPhases = (
				CF7FF8373F172DE2D335C926 /* [CP] Check Pods Manifest.lock */,
				E1BA22FC1EFB106400A9FC09 /* Sources */,
				E1BA22FD1EFB106400A9FC09 /* Frameworks */,
				E1BA22FE1EFB106400A9FC09 /* Resources */,
				06FD683A082AF0CE45609127 /* [CP] Embed Pods Frameworks */,
				55143DA2E5DFB8546560D703 /* [CP] Copy Pods Resources */,
			);
			buildRules = (
			);
			dependencies = (
				E1BA23021EFB106400A9FC09 /* PBXTargetDependency */,
			);
			name = FlixTests;
			productName = FlixTests;
			productReference = E1BA23001EFB106400A9FC09 /* FlixTests.xctest */;
			productType = "com.apple.product-type.bundle.unit-test";
		};
		E1BA230A1EFB106400A9FC09 /* FlixUITests */ = {
			isa = PBXNativeTarget;
			buildConfigurationList = E1BA231A1EFB106400A9FC09 /* Build configuration list for PBXNativeTarget "FlixUITests" */;
			buildPhases = (
				91E18494CDF83C0FAA4296FE /* [CP] Check Pods Manifest.lock */,
				E1BA23071EFB106400A9FC09 /* Sources */,
				E1BA23081EFB106400A9FC09 /* Frameworks */,
				E1BA23091EFB106400A9FC09 /* Resources */,
				6263D2FEC8B78AA1BF2B8742 /* [CP] Embed Pods Frameworks */,
				A76466916F3924813A0E6A49 /* [CP] Copy Pods Resources */,
			);
			buildRules = (
			);
			dependencies = (
				E1BA230D1EFB106400A9FC09 /* PBXTargetDependency */,
			);
			name = FlixUITests;
			productName = FlixUITests;
			productReference = E1BA230B1EFB106400A9FC09 /* FlixUITests.xctest */;
			productType = "com.apple.product-type.bundle.ui-testing";
		};
/* End PBXNativeTarget section */

/* Begin PBXProject section */
		E1BA22E41EFB106400A9FC09 /* Project object */ = {
			isa = PBXProject;
			attributes = {
				LastSwiftUpdateCheck = 0830;
				LastUpgradeCheck = 0830;
				ORGANIZATIONNAME = "Annabel Strauss";
				TargetAttributes = {
					E1BA22EB1EFB106400A9FC09 = {
						CreatedOnToolsVersion = 8.3.2;
						DevelopmentTeam = V9NTEK9YLJ;
						ProvisioningStyle = Automatic;
					};
					E1BA22FF1EFB106400A9FC09 = {
						CreatedOnToolsVersion = 8.3.2;
						ProvisioningStyle = Automatic;
						TestTargetID = E1BA22EB1EFB106400A9FC09;
					};
					E1BA230A1EFB106400A9FC09 = {
						CreatedOnToolsVersion = 8.3.2;
						ProvisioningStyle = Automatic;
						TestTargetID = E1BA22EB1EFB106400A9FC09;
					};
				};
			};
			buildConfigurationList = E1BA22E71EFB106400A9FC09 /* Build configuration list for PBXProject "Flix" */;
			compatibilityVersion = "Xcode 3.2";
			developmentRegion = English;
			hasScannedForEncodings = 0;
			knownRegions = (
				en,
				Base,
			);
			mainGroup = E1BA22E31EFB106400A9FC09;
			productRefGroup = E1BA22ED1EFB106400A9FC09 /* Products */;
			projectDirPath = "";
			projectRoot = "";
			targets = (
				E1BA22EB1EFB106400A9FC09 /* Flix */,
				E1BA22FF1EFB106400A9FC09 /* FlixTests */,
				E1BA230A1EFB106400A9FC09 /* FlixUITests */,
			);
		};
/* End PBXProject section */

/* Begin PBXResourcesBuildPhase section */
		E1BA22EA1EFB106400A9FC09 /* Resources */ = {
			isa = PBXResourcesBuildPhase;
			buildActionMask = 2147483647;
			files = (
				E1BA22FA1EFB106400A9FC09 /* LaunchScreen.storyboard in Resources */,
				E1BA22F71EFB106400A9FC09 /* Assets.xcassets in Resources */,
				E1BA22F51EFB106400A9FC09 /* Main.storyboard in Resources */,
			);
			runOnlyForDeploymentPostprocessing = 0;
		};
		E1BA22FE1EFB106400A9FC09 /* Resources */ = {
			isa = PBXResourcesBuildPhase;
			buildActionMask = 2147483647;
			files = (
			);
			runOnlyForDeploymentPostprocessing = 0;
		};
		E1BA23091EFB106400A9FC09 /* Resources */ = {
			isa = PBXResourcesBuildPhase;
			buildActionMask = 2147483647;
			files = (
			);
			runOnlyForDeploymentPostprocessing = 0;
		};
/* End PBXResourcesBuildPhase section */

/* Begin PBXShellScriptBuildPhase section */
		06FD683A082AF0CE45609127 /* [CP] Embed Pods Frameworks */ = {
			isa = PBXShellScriptBuildPhase;
			buildActionMask = 2147483647;
			files = (
			);
			inputPaths = (
			);
			name = "[CP] Embed Pods Frameworks";
			outputPaths = (
			);
			runOnlyForDeploymentPostprocessing = 0;
			shellPath = /bin/sh;
			shellScript = "\"${SRCROOT}/Pods/Target Support Files/Pods-FlixTests/Pods-FlixTests-frameworks.sh\"\n";
			showEnvVarsInLog = 0;
		};
		55143DA2E5DFB8546560D703 /* [CP] Copy Pods Resources */ = {
			isa = PBXShellScriptBuildPhase;
			buildActionMask = 2147483647;
			files = (
			);
			inputPaths = (
			);
			name = "[CP] Copy Pods Resources";
			outputPaths = (
			);
			runOnlyForDeploymentPostprocessing = 0;
			shellPath = /bin/sh;
			shellScript = "\"${SRCROOT}/Pods/Target Support Files/Pods-FlixTests/Pods-FlixTests-resources.sh\"\n";
			showEnvVarsInLog = 0;
		};
		5AC2DF56D6CFC52F282ADFD4 /* [CP] Embed Pods Frameworks */ = {
			isa = PBXShellScriptBuildPhase;
			buildActionMask = 2147483647;
			files = (
			);
			inputPaths = (
			);
			name = "[CP] Embed Pods Frameworks";
			outputPaths = (
			);
			runOnlyForDeploymentPostprocessing = 0;
			shellPath = /bin/sh;
			shellScript = "\"${SRCROOT}/Pods/Target Support Files/Pods-Flix/Pods-Flix-frameworks.sh\"\n";
			showEnvVarsInLog = 0;
		};
		6263D2FEC8B78AA1BF2B8742 /* [CP] Embed Pods Frameworks */ = {
			isa = PBXShellScriptBuildPhase;
			buildActionMask = 2147483647;
			files = (
			);
			inputPaths = (
			);
			name = "[CP] Embed Pods Frameworks";
			outputPaths = (
			);
			runOnlyForDeploymentPostprocessing = 0;
			shellPath = /bin/sh;
			shellScript = "\"${SRCROOT}/Pods/Target Support Files/Pods-FlixUITests/Pods-FlixUITests-frameworks.sh\"\n";
			showEnvVarsInLog = 0;
		};
		91E18494CDF83C0FAA4296FE /* [CP] Check Pods Manifest.lock */ = {
			isa = PBXShellScriptBuildPhase;
			buildActionMask = 2147483647;
			files = (
			);
			inputPaths = (
			);
			name = "[CP] Check Pods Manifest.lock";
			outputPaths = (
			);
			runOnlyForDeploymentPostprocessing = 0;
			shellPath = /bin/sh;
			shellScript = "diff \"${PODS_PODFILE_DIR_PATH}/Podfile.lock\" \"${PODS_ROOT}/Manifest.lock\" > /dev/null\nif [ $? != 0 ] ; then\n    # print error to STDERR\n    echo \"error: The sandbox is not in sync with the Podfile.lock. Run 'pod install' or update your CocoaPods installation.\" >&2\n    exit 1\nfi\n";
			showEnvVarsInLog = 0;
		};
		A76466916F3924813A0E6A49 /* [CP] Copy Pods Resources */ = {
			isa = PBXShellScriptBuildPhase;
			buildActionMask = 2147483647;
			files = (
			);
			inputPaths = (
			);
			name = "[CP] Copy Pods Resources";
			outputPaths = (
			);
			runOnlyForDeploymentPostprocessing = 0;
			shellPath = /bin/sh;
			shellScript = "\"${SRCROOT}/Pods/Target Support Files/Pods-FlixUITests/Pods-FlixUITests-resources.sh\"\n";
			showEnvVarsInLog = 0;
		};
		CCFD30362C9EFC3BFC741D39 /* [CP] Copy Pods Resources */ = {
			isa = PBXShellScriptBuildPhase;
			buildActionMask = 2147483647;
			files = (
			);
			inputPaths = (
			);
			name = "[CP] Copy Pods Resources";
			outputPaths = (
			);
			runOnlyForDeploymentPostprocessing = 0;
			shellPath = /bin/sh;
			shellScript = "\"${SRCROOT}/Pods/Target Support Files/Pods-Flix/Pods-Flix-resources.sh\"\n";
			showEnvVarsInLog = 0;
		};
		CF7FF8373F172DE2D335C926 /* [CP] Check Pods Manifest.lock */ = {
			isa = PBXShellScriptBuildPhase;
			buildActionMask = 2147483647;
			files = (
			);
			inputPaths = (
			);
			name = "[CP] Check Pods Manifest.lock";
			outputPaths = (
			);
			runOnlyForDeploymentPostprocessing = 0;
			shellPath = /bin/sh;
			shellScript = "diff \"${PODS_PODFILE_DIR_PATH}/Podfile.lock\" \"${PODS_ROOT}/Manifest.lock\" > /dev/null\nif [ $? != 0 ] ; then\n    # print error to STDERR\n    echo \"error: The sandbox is not in sync with the Podfile.lock. Run 'pod install' or update your CocoaPods installation.\" >&2\n    exit 1\nfi\n";
			showEnvVarsInLog = 0;
		};
		D19BCE1640181577DB8D6420 /* [CP] Check Pods Manifest.lock */ = {
			isa = PBXShellScriptBuildPhase;
			buildActionMask = 2147483647;
			files = (
			);
			inputPaths = (
			);
			name = "[CP] Check Pods Manifest.lock";
			outputPaths = (
			);
			runOnlyForDeploymentPostprocessing = 0;
			shellPath = /bin/sh;
			shellScript = "diff \"${PODS_PODFILE_DIR_PATH}/Podfile.lock\" \"${PODS_ROOT}/Manifest.lock\" > /dev/null\nif [ $? != 0 ] ; then\n    # print error to STDERR\n    echo \"error: The sandbox is not in sync with the Podfile.lock. Run 'pod install' or update your CocoaPods installation.\" >&2\n    exit 1\nfi\n";
			showEnvVarsInLog = 0;
		};
/* End PBXShellScriptBuildPhase section */

/* Begin PBXSourcesBuildPhase section */
		E1BA22E81EFB106400A9FC09 /* Sources */ = {
			isa = PBXSourcesBuildPhase;
			buildActionMask = 2147483647;
			files = (
				E1D2C46B1F0ABDFD000F3EDA /* Movie.swift in Sources */,
				E1BA22F01EFB106400A9FC09 /* AppDelegate.swift in Sources */,
				E10805FC1EFB14E8007D3474 /* MoviesViewController.swift in Sources */,
				E10805FE1EFB25E7007D3474 /* MovieCell.swift in Sources */,
				E15160FE1EFC648F00382D55 /* DetailViewController.swift in Sources */,
				E1D2C46D1F0AC530000F3EDA /* MovieApiManager.swift in Sources */,
				E15161001EFC8C1200382D55 /* CollectionViewController.swift in Sources */,
				E15161021EFC8D7000382D55 /* SuperheroCell.swift in Sources */,
			);
			runOnlyForDeploymentPostprocessing = 0;
		};
		E1BA22FC1EFB106400A9FC09 /* Sources */ = {
			isa = PBXSourcesBuildPhase;
			buildActionMask = 2147483647;
			files = (
				E1BA23051EFB106400A9FC09 /* FlixTests.swift in Sources */,
			);
			runOnlyForDeploymentPostprocessing = 0;
		};
		E1BA23071EFB106400A9FC09 /* Sources */ = {
			isa = PBXSourcesBuildPhase;
			buildActionMask = 2147483647;
			files = (
				E1BA23101EFB106400A9FC09 /* FlixUITests.swift in Sources */,
			);
			runOnlyForDeploymentPostprocessing = 0;
		};
/* End PBXSourcesBuildPhase section */

/* Begin PBXTargetDependency section */
		E1BA23021EFB106400A9FC09 /* PBXTargetDependency */ = {
			isa = PBXTargetDependency;
			target = E1BA22EB1EFB106400A9FC09 /* Flix */;
			targetProxy = E1BA23011EFB106400A9FC09 /* PBXContainerItemProxy */;
		};
		E1BA230D1EFB106400A9FC09 /* PBXTargetDependency */ = {
			isa = PBXTargetDependency;
			target = E1BA22EB1EFB106400A9FC09 /* Flix */;
			targetProxy = E1BA230C1EFB106400A9FC09 /* PBXContainerItemProxy */;
		};
/* End PBXTargetDependency section */

/* Begin PBXVariantGroup section */
		E1BA22F31EFB106400A9FC09 /* Main.storyboard */ = {
			isa = PBXVariantGroup;
			children = (
				E1BA22F41EFB106400A9FC09 /* Base */,
			);
			name = Main.storyboard;
			sourceTree = "<group>";
		};
		E1BA22F81EFB106400A9FC09 /* LaunchScreen.storyboard */ = {
			isa = PBXVariantGroup;
			children = (
				E1BA22F91EFB106400A9FC09 /* Base */,
			);
			name = LaunchScreen.storyboard;
			sourceTree = "<group>";
		};
/* End PBXVariantGroup section */

/* Begin XCBuildConfiguration section */
		E1BA23121EFB106400A9FC09 /* Debug */ = {
			isa = XCBuildConfiguration;
			buildSettings = {
				ALWAYS_SEARCH_USER_PATHS = NO;
				CLANG_ANALYZER_NONNULL = YES;
				CLANG_ANALYZER_NUMBER_OBJECT_CONVERSION = YES_AGGRESSIVE;
				CLANG_CXX_LANGUAGE_STANDARD = "gnu++0x";
				CLANG_CXX_LIBRARY = "libc++";
				CLANG_ENABLE_MODULES = YES;
				CLANG_ENABLE_OBJC_ARC = YES;
				CLANG_WARN_BOOL_CONVERSION = YES;
				CLANG_WARN_CONSTANT_CONVERSION = YES;
				CLANG_WARN_DIRECT_OBJC_ISA_USAGE = YES_ERROR;
				CLANG_WARN_DOCUMENTATION_COMMENTS = YES;
				CLANG_WARN_EMPTY_BODY = YES;
				CLANG_WARN_ENUM_CONVERSION = YES;
				CLANG_WARN_INFINITE_RECURSION = YES;
				CLANG_WARN_INT_CONVERSION = YES;
				CLANG_WARN_OBJC_ROOT_CLASS = YES_ERROR;
				CLANG_WARN_SUSPICIOUS_MOVE = YES;
				CLANG_WARN_UNREACHABLE_CODE = YES;
				CLANG_WARN__DUPLICATE_METHOD_MATCH = YES;
				"CODE_SIGN_IDENTITY[sdk=iphoneos*]" = "iPhone Developer";
				COPY_PHASE_STRIP = NO;
				DEBUG_INFORMATION_FORMAT = dwarf;
				ENABLE_STRICT_OBJC_MSGSEND = YES;
				ENABLE_TESTABILITY = YES;
				GCC_C_LANGUAGE_STANDARD = gnu99;
				GCC_DYNAMIC_NO_PIC = NO;
				GCC_NO_COMMON_BLOCKS = YES;
				GCC_OPTIMIZATION_LEVEL = 0;
				GCC_PREPROCESSOR_DEFINITIONS = (
					"DEBUG=1",
					"$(inherited)",
				);
				GCC_WARN_64_TO_32_BIT_CONVERSION = YES;
				GCC_WARN_ABOUT_RETURN_TYPE = YES_ERROR;
				GCC_WARN_UNDECLARED_SELECTOR = YES;
				GCC_WARN_UNINITIALIZED_AUTOS = YES_AGGRESSIVE;
				GCC_WARN_UNUSED_FUNCTION = YES;
				GCC_WARN_UNUSED_VARIABLE = YES;
				IPHONEOS_DEPLOYMENT_TARGET = 10.3;
				MTL_ENABLE_DEBUG_INFO = YES;
				ONLY_ACTIVE_ARCH = YES;
				SDKROOT = iphoneos;
				SWIFT_ACTIVE_COMPILATION_CONDITIONS = DEBUG;
				SWIFT_OPTIMIZATION_LEVEL = "-Onone";
			};
			name = Debug;
		};
		E1BA23131EFB106400A9FC09 /* Release */ = {
			isa = XCBuildConfiguration;
			buildSettings = {
				ALWAYS_SEARCH_USER_PATHS = NO;
				CLANG_ANALYZER_NONNULL = YES;
				CLANG_ANALYZER_NUMBER_OBJECT_CONVERSION = YES_AGGRESSIVE;
				CLANG_CXX_LANGUAGE_STANDARD = "gnu++0x";
				CLANG_CXX_LIBRARY = "libc++";
				CLANG_ENABLE_MODULES = YES;
				CLANG_ENABLE_OBJC_ARC = YES;
				CLANG_WARN_BOOL_CONVERSION = YES;
				CLANG_WARN_CONSTANT_CONVERSION = YES;
				CLANG_WARN_DIRECT_OBJC_ISA_USAGE = YES_ERROR;
				CLANG_WARN_DOCUMENTATION_COMMENTS = YES;
				CLANG_WARN_EMPTY_BODY = YES;
				CLANG_WARN_ENUM_CONVERSION = YES;
				CLANG_WARN_INFINITE_RECURSION = YES;
				CLANG_WARN_INT_CONVERSION = YES;
				CLANG_WARN_OBJC_ROOT_CLASS = YES_ERROR;
				CLANG_WARN_SUSPICIOUS_MOVE = YES;
				CLANG_WARN_UNREACHABLE_CODE = YES;
				CLANG_WARN__DUPLICATE_METHOD_MATCH = YES;
				"CODE_SIGN_IDENTITY[sdk=iphoneos*]" = "iPhone Developer";
				COPY_PHASE_STRIP = NO;
				DEBUG_INFORMATION_FORMAT = "dwarf-with-dsym";
				ENABLE_NS_ASSERTIONS = NO;
				ENABLE_STRICT_OBJC_MSGSEND = YES;
				GCC_C_LANGUAGE_STANDARD = gnu99;
				GCC_NO_COMMON_BLOCKS = YES;
				GCC_WARN_64_TO_32_BIT_CONVERSION = YES;
				GCC_WARN_ABOUT_RETURN_TYPE = YES_ERROR;
				GCC_WARN_UNDECLARED_SELECTOR = YES;
				GCC_WARN_UNINITIALIZED_AUTOS = YES_AGGRESSIVE;
				GCC_WARN_UNUSED_FUNCTION = YES;
				GCC_WARN_UNUSED_VARIABLE = YES;
				IPHONEOS_DEPLOYMENT_TARGET = 10.3;
				MTL_ENABLE_DEBUG_INFO = NO;
				SDKROOT = iphoneos;
				SWIFT_OPTIMIZATION_LEVEL = "-Owholemodule";
				VALIDATE_PRODUCT = YES;
			};
			name = Release;
		};
		E1BA23151EFB106400A9FC09 /* Debug */ = {
			isa = XCBuildConfiguration;
			baseConfigurationReference = ED2312455707F60194EBB1F9 /* Pods-Flix.debug.xcconfig */;
			buildSettings = {
				ASSETCATALOG_COMPILER_APPICON_NAME = AppIcon;
				DEVELOPMENT_TEAM = V9NTEK9YLJ;
				INFOPLIST_FILE = Flix/Info.plist;
				LD_RUNPATH_SEARCH_PATHS = "$(inherited) @executable_path/Frameworks";
				PRODUCT_BUNDLE_IDENTIFIER = com.annabel.Flix;
				PRODUCT_NAME = "$(TARGET_NAME)";
				SWIFT_VERSION = 3.0;
			};
			name = Debug;
		};
		E1BA23161EFB106400A9FC09 /* Release */ = {
			isa = XCBuildConfiguration;
			baseConfigurationReference = 18E6A336D21AD0C04511D6FA /* Pods-Flix.release.xcconfig */;
			buildSettings = {
				ASSETCATALOG_COMPILER_APPICON_NAME = AppIcon;
				DEVELOPMENT_TEAM = V9NTEK9YLJ;
				INFOPLIST_FILE = Flix/Info.plist;
				LD_RUNPATH_SEARCH_PATHS = "$(inherited) @executable_path/Frameworks";
				PRODUCT_BUNDLE_IDENTIFIER = com.annabel.Flix;
				PRODUCT_NAME = "$(TARGET_NAME)";
				SWIFT_VERSION = 3.0;
			};
			name = Release;
		};
		E1BA23181EFB106400A9FC09 /* Debug */ = {
			isa = XCBuildConfiguration;
			baseConfigurationReference = 4E26694ABC9BA7332445E449 /* Pods-FlixTests.debug.xcconfig */;
			buildSettings = {
				ALWAYS_EMBED_SWIFT_STANDARD_LIBRARIES = YES;
				BUNDLE_LOADER = "$(TEST_HOST)";
				INFOPLIST_FILE = FlixTests/Info.plist;
				LD_RUNPATH_SEARCH_PATHS = "$(inherited) @executable_path/Frameworks @loader_path/Frameworks";
				PRODUCT_BUNDLE_IDENTIFIER = com.annabel.FlixTests;
				PRODUCT_NAME = "$(TARGET_NAME)";
				SWIFT_VERSION = 3.0;
				TEST_HOST = "$(BUILT_PRODUCTS_DIR)/Flix.app/Flix";
			};
			name = Debug;
		};
		E1BA23191EFB106400A9FC09 /* Release */ = {
			isa = XCBuildConfiguration;
			baseConfigurationReference = D6C9F98285C0C431F8258FEC /* Pods-FlixTests.release.xcconfig */;
			buildSettings = {
				ALWAYS_EMBED_SWIFT_STANDARD_LIBRARIES = YES;
				BUNDLE_LOADER = "$(TEST_HOST)";
				INFOPLIST_FILE = FlixTests/Info.plist;
				LD_RUNPATH_SEARCH_PATHS = "$(inherited) @executable_path/Frameworks @loader_path/Frameworks";
				PRODUCT_BUNDLE_IDENTIFIER = com.annabel.FlixTests;
				PRODUCT_NAME = "$(TARGET_NAME)";
				SWIFT_VERSION = 3.0;
				TEST_HOST = "$(BUILT_PRODUCTS_DIR)/Flix.app/Flix";
			};
			name = Release;
		};
		E1BA231B1EFB106400A9FC09 /* Debug */ = {
			isa = XCBuildConfiguration;
			baseConfigurationReference = BB746BA12084D9A07B978188 /* Pods-FlixUITests.debug.xcconfig */;
			buildSettings = {
				ALWAYS_EMBED_SWIFT_STANDARD_LIBRARIES = YES;
				INFOPLIST_FILE = FlixUITests/Info.plist;
				LD_RUNPATH_SEARCH_PATHS = "$(inherited) @executable_path/Frameworks @loader_path/Frameworks";
				PRODUCT_BUNDLE_IDENTIFIER = com.annabel.FlixUITests;
				PRODUCT_NAME = "$(TARGET_NAME)";
				SWIFT_VERSION = 3.0;
				TEST_TARGET_NAME = Flix;
			};
			name = Debug;
		};
		E1BA231C1EFB106400A9FC09 /* Release */ = {
			isa = XCBuildConfiguration;
			baseConfigurationReference = 670624C924339236F8519BCE /* Pods-FlixUITests.release.xcconfig */;
			buildSettings = {
				ALWAYS_EMBED_SWIFT_STANDARD_LIBRARIES = YES;
				INFOPLIST_FILE = FlixUITests/Info.plist;
				LD_RUNPATH_SEARCH_PATHS = "$(inherited) @executable_path/Frameworks @loader_path/Frameworks";
				PRODUCT_BUNDLE_IDENTIFIER = com.annabel.FlixUITests;
				PRODUCT_NAME = "$(TARGET_NAME)";
				SWIFT_VERSION = 3.0;
				TEST_TARGET_NAME = Flix;
			};
			name = Release;
		};
/* End XCBuildConfiguration section */

/* Begin XCConfigurationList section */
		E1BA22E71EFB106400A9FC09 /* Build configuration list for PBXProject "Flix" */ = {
			isa = XCConfigurationList;
			buildConfigurations = (
				E1BA23121EFB106400A9FC09 /* Debug */,
				E1BA23131EFB106400A9FC09 /* Release */,
			);
			defaultConfigurationIsVisible = 0;
			defaultConfigurationName = Release;
		};
		E1BA23141EFB106400A9FC09 /* Build configuration list for PBXNativeTarget "Flix" */ = {
			isa = XCConfigurationList;
			buildConfigurations = (
				E1BA23151EFB106400A9FC09 /* Debug */,
				E1BA23161EFB106400A9FC09 /* Release */,
			);
			defaultConfigurationIsVisible = 0;
			defaultConfigurationName = Release;
		};
		E1BA23171EFB106400A9FC09 /* Build configuration list for PBXNativeTarget "FlixTests" */ = {
			isa = XCConfigurationList;
			buildConfigurations = (
				E1BA23181EFB106400A9FC09 /* Debug */,
				E1BA23191EFB106400A9FC09 /* Release */,
			);
			defaultConfigurationIsVisible = 0;
			defaultConfigurationName = Release;
		};
		E1BA231A1EFB106400A9FC09 /* Build configuration list for PBXNativeTarget "FlixUITests" */ = {
			isa = XCConfigurationList;
			buildConfigurations = (
				E1BA231B1EFB106400A9FC09 /* Debug */,
				E1BA231C1EFB106400A9FC09 /* Release */,
			);
			defaultConfigurationIsVisible = 0;
			defaultConfigurationName = Release;
		};
/* End XCConfigurationList section */
	};
	rootObject = E1BA22E41EFB106400A9FC09 /* Project object */;
}
